PODS:
  - MaterialComponents/AnimationTiming (109.7.0)
  - MaterialComponents/Availability (109.7.0)
  - MaterialComponents/private/Math (109.7.0)
  - "MaterialComponents/private/TextControlsPrivate+BaseStyle (109.7.0)":
    - MaterialComponents/AnimationTiming
    - MaterialComponents/private/Math
    - "MaterialComponents/private/TextControlsPrivate+Shared"
  - "MaterialComponents/private/TextControlsPrivate+FilledStyle (109.7.0)":
    - MaterialComponents/AnimationTiming
    - MaterialComponents/Availability
    - MaterialComponents/private/Math
    - "MaterialComponents/private/TextControlsPrivate+Shared"
    - "MaterialComponents/private/TextControlsPrivate+UnderlinedStyle"
  - "MaterialComponents/private/TextControlsPrivate+OutlinedStyle (109.7.0)":
    - MaterialComponents/AnimationTiming
    - MaterialComponents/Availability
    - MaterialComponents/private/Math
    - "MaterialComponents/private/TextControlsPrivate+Shared"
  - "MaterialComponents/private/TextControlsPrivate+Shared (109.7.0)":
    - MaterialComponents/AnimationTiming
    - MaterialComponents/private/Math
    - "MaterialComponents/TextControls+Enums"
  - "MaterialComponents/private/TextControlsPrivate+TextFields (109.7.0)":
    - MaterialComponents/private/Math
    - "MaterialComponents/private/TextControlsPrivate+Shared"
  - "MaterialComponents/private/TextControlsPrivate+UnderlinedStyle (109.7.0)":
    - MaterialComponents/AnimationTiming
    - MaterialComponents/Availability
    - MaterialComponents/private/Math
    - "MaterialComponents/private/TextControlsPrivate+Shared"
  - "MaterialComponents/TextControls+BaseTextAreas (109.7.0)":
    - "MaterialComponents/private/TextControlsPrivate+BaseStyle"
    - "MaterialComponents/private/TextControlsPrivate+Shared"
    - MDFInternationalization
  - "MaterialComponents/TextControls+BaseTextFields (109.7.0)":
    - "MaterialComponents/private/TextControlsPrivate+BaseStyle"
    - "MaterialComponents/private/TextControlsPrivate+Shared"
    - "MaterialComponents/private/TextControlsPrivate+TextFields"
    - MDFInternationalization
  - "MaterialComponents/TextControls+Enums (109.7.0)"
  - "MaterialComponents/TextControls+FilledTextAreas (109.7.0)":
    - MaterialComponents/Availability
    - "MaterialComponents/private/TextControlsPrivate+FilledStyle"
    - "MaterialComponents/TextControls+BaseTextAreas"
  - "MaterialComponents/TextControls+FilledTextFields (109.7.0)":
    - MaterialComponents/Availability
    - "MaterialComponents/private/TextControlsPrivate+FilledStyle"
    - "MaterialComponents/TextControls+BaseTextFields"
  - "MaterialComponents/TextControls+OutlinedTextAreas (109.7.0)":
    - MaterialComponents/Availability
    - "MaterialComponents/private/TextControlsPrivate+OutlinedStyle"
    - "MaterialComponents/TextControls+BaseTextAreas"
  - "MaterialComponents/TextControls+OutlinedTextFields (109.7.0)":
    - MaterialComponents/Availability
    - "MaterialComponents/private/TextControlsPrivate+OutlinedStyle"
    - "MaterialComponents/TextControls+BaseTextFields"
  - MDFInternationalization (2.0.0)

DEPENDENCIES:
  - "MaterialComponents/TextControls+FilledTextAreas"
  - "MaterialComponents/TextControls+FilledTextFields"
  - "MaterialComponents/TextControls+OutlinedTextAreas"
  - "MaterialComponents/TextControls+OutlinedTextFields"

SPEC REPOS:
  trunk:
    - MaterialComponents
    - MDFInternationalization

SPEC CHECKSUMS:
  MaterialComponents: cc9571d99d14bb085893b43ea90161a7eb696a8f
  MDFInternationalization: 010097556d6b09d2c4ea38e0820ea6d37be6a314

PODFILE CHECKSUM: 93845e971f72c7f5f379f1ce0796c82dae86f878

COCOAPODS: 1.9.1
