// !$*UTF8*$!
{
	archiveVersion = 1;
	classes = {
	};
	objectVersion = 50;
	objects = {

/* Begin PBXBuildFile section */
		B429901D245C79BE008755F9 /* users.json in Resources */ = {isa = PBXBuildFile; fileRef = B429901C245C79BE008755F9 /* users.json */; };
		B4299021245C7FC8008755F9 /* DecodeJson.swift in Sources */ = {isa = PBXBuildFile; fileRef = B4299020245C7FC8008755F9 /* DecodeJson.swift */; };
		B4299023245C85BA008755F9 /* AppConstants.swift in Sources */ = {isa = PBXBuildFile; fileRef = B4299022245C85BA008755F9 /* AppConstants.swift */; };
		B4299026245C8AC6008755F9 /* UserCell.swift in Sources */ = {isa = PBXBuildFile; fileRef = B4299024245C8AC6008755F9 /* UserCell.swift */; };
		B4299027245C8AC6008755F9 /* UserCell.xib in Resources */ = {isa = PBXBuildFile; fileRef = B4299025245C8AC6008755F9 /* UserCell.xib */; };
		B43111F6245DDC6000270C5D /* UIImageView.swift in Sources */ = {isa = PBXBuildFile; fileRef = B43111F5245DDC6000270C5D /* UIImageView.swift */; };
		B44BDF90248F1D1E004A8C06 /* Color.xcassets in Resources */ = {isa = PBXBuildFile; fileRef = B44BDF8F248F1D1E004A8C06 /* Color.xcassets */; };
		B44BDF9324906411004A8C06 /* RoundButton.swift in Sources */ = {isa = PBXBuildFile; fileRef = B44BDF9224906410004A8C06 /* RoundButton.swift */; };
		B486B7FB245BA8210071C10C /* AppDelegate.swift in Sources */ = {isa = PBXBuildFile; fileRef = B486B7FA245BA8210071C10C /* AppDelegate.swift */; };
		B486B7FD245BA8210071C10C /* SceneDelegate.swift in Sources */ = {isa = PBXBuildFile; fileRef = B486B7FC245BA8210071C10C /* SceneDelegate.swift */; };
		B486B7FF245BA8210071C10C /* UserListViewController.swift in Sources */ = {isa = PBXBuildFile; fileRef = B486B7FE245BA8210071C10C /* UserListViewController.swift */; };
		B486B802245BA8220071C10C /* Main.storyboard in Resources */ = {isa = PBXBuildFile; fileRef = B486B800245BA8220071C10C /* Main.storyboard */; };
		B486B804245BA8270071C10C /* Assets.xcassets in Resources */ = {isa = PBXBuildFile; fileRef = B486B803245BA8270071C10C /* Assets.xcassets */; };
		B486B807245BA8270071C10C /* LaunchScreen.storyboard in Resources */ = {isa = PBXBuildFile; fileRef = B486B805245BA8270071C10C /* LaunchScreen.storyboard */; };
		B4F56D06245BB8E100F8EB53 /* User.swift in Sources */ = {isa = PBXBuildFile; fileRef = B4F56D05245BB8E100F8EB53 /* User.swift */; };
/* End PBXBuildFile section */

/* Begin PBXFileReference section */
		B429901C245C79BE008755F9 /* users.json */ = {isa = PBXFileReference; fileEncoding = 4; lastKnownFileType = text.json; path = users.json; sourceTree = "<group>"; };
		B4299020245C7FC8008755F9 /* DecodeJson.swift */ = {isa = PBXFileReference; lastKnownFileType = sourcecode.swift; path = DecodeJson.swift; sourceTree = "<group>"; };
		B4299022245C85BA008755F9 /* AppConstants.swift */ = {isa = PBXFileReference; lastKnownFileType = sourcecode.swift; path = AppConstants.swift; sourceTree = "<group>"; };
		B4299024245C8AC6008755F9 /* UserCell.swift */ = {isa = PBXFileReference; lastKnownFileType = sourcecode.swift; path = UserCell.swift; sourceTree = "<group>"; };
		B4299025245C8AC6008755F9 /* UserCell.xib */ = {isa = PBXFileReference; lastKnownFileType = file.xib; path = UserCell.xib; sourceTree = "<group>"; };
		B43111F5245DDC6000270C5D /* UIImageView.swift */ = {isa = PBXFileReference; lastKnownFileType = sourcecode.swift; path = UIImageView.swift; sourceTree = "<group>"; };
		B44BDF8F248F1D1E004A8C06 /* Color.xcassets */ = {isa = PBXFileReference; lastKnownFileType = folder.assetcatalog; path = Color.xcassets; sourceTree = "<group>"; };
		B44BDF9224906410004A8C06 /* RoundButton.swift */ = {isa = PBXFileReference; lastKnownFileType = sourcecode.swift; path = RoundButton.swift; sourceTree = "<group>"; };
		B486B7F7245BA8210071C10C /* picpaymobile.app */ = {isa = PBXFileReference; explicitFileType = wrapper.application; includeInIndex = 0; path = picpaymobile.app; sourceTree = BUILT_PRODUCTS_DIR; };
		B486B7FA245BA8210071C10C /* AppDelegate.swift */ = {isa = PBXFileReference; lastKnownFileType = sourcecode.swift; path = AppDelegate.swift; sourceTree = "<group>"; };
		B486B7FC245BA8210071C10C /* SceneDelegate.swift */ = {isa = PBXFileReference; lastKnownFileType = sourcecode.swift; path = SceneDelegate.swift; sourceTree = "<group>"; };
		B486B7FE245BA8210071C10C /* UserListViewController.swift */ = {isa = PBXFileReference; lastKnownFileType = sourcecode.swift; path = UserListViewController.swift; sourceTree = "<group>"; };
		B486B801245BA8220071C10C /* Base */ = {isa = PBXFileReference; lastKnownFileType = file.storyboard; name = Base; path = Base.lproj/Main.storyboard; sourceTree = "<group>"; };
		B486B803245BA8270071C10C /* Assets.xcassets */ = {isa = PBXFileReference; lastKnownFileType = folder.assetcatalog; path = Assets.xcassets; sourceTree = "<group>"; };
		B486B806245BA8270071C10C /* Base */ = {isa = PBXFileReference; lastKnownFileType = file.storyboard; name = Base; path = Base.lproj/LaunchScreen.storyboard; sourceTree = "<group>"; };
		B486B808245BA8270071C10C /* Info.plist */ = {isa = PBXFileReference; lastKnownFileType = text.plist.xml; path = Info.plist; sourceTree = "<group>"; };
		B4F56D05245BB8E100F8EB53 /* User.swift */ = {isa = PBXFileReference; lastKnownFileType = sourcecode.swift; path = User.swift; sourceTree = "<group>"; };
/* End PBXFileReference section */

/* Begin PBXFrameworksBuildPhase section */
		B486B7F4245BA8210071C10C /* Frameworks */ = {
			isa = PBXFrameworksBuildPhase;
			buildActionMask = 2147483647;
			files = (
			);
			runOnlyForDeploymentPostprocessing = 0;
		};
/* End PBXFrameworksBuildPhase section */

/* Begin PBXGroup section */
		B429901B245C7994008755F9 /* View */ = {
			isa = PBXGroup;
			children = (
				B4299025245C8AC6008755F9 /* UserCell.xib */,
				B486B805245BA8270071C10C /* LaunchScreen.storyboard */,
				B486B800245BA8220071C10C /* Main.storyboard */,
			);
			path = View;
			sourceTree = "<group>";
		};
		B429901E245C79DD008755F9 /* Row */ = {
			isa = PBXGroup;
			children = (
				B429901C245C79BE008755F9 /* users.json */,
			);
			path = Row;
			sourceTree = "<group>";
		};
		B429901F245C7F9E008755F9 /* Extensions */ = {
			isa = PBXGroup;
			children = (
				B4299020245C7FC8008755F9 /* DecodeJson.swift */,
				B43111F5245DDC6000270C5D /* UIImageView.swift */,
			);
			path = Extensions;
			sourceTree = "<group>";
		};
		B44BDF91249063CF004A8C06 /* customview */ = {
			isa = PBXGroup;
			children = (
				B44BDF9224906410004A8C06 /* RoundButton.swift */,
			);
			path = customview;
			sourceTree = "<group>";
		};
		B486B7EE245BA8210071C10C = {
			isa = PBXGroup;
			children = (
				B486B7F9245BA8210071C10C /* picpaymobile */,
				B486B7F8245BA8210071C10C /* Products */,
			);
			sourceTree = "<group>";
		};
		B486B7F8245BA8210071C10C /* Products */ = {
			isa = PBXGroup;
			children = (
				B486B7F7245BA8210071C10C /* picpaymobile.app */,
			);
			name = Products;
			sourceTree = "<group>";
		};
		B486B7F9245BA8210071C10C /* picpaymobile */ = {
			isa = PBXGroup;
			children = (
				B44BDF91249063CF004A8C06 /* customview */,
				B486B808245BA8270071C10C /* Info.plist */,
				B4299022245C85BA008755F9 /* AppConstants.swift */,
				B486B7FA245BA8210071C10C /* AppDelegate.swift */,
				B486B7FC245BA8210071C10C /* SceneDelegate.swift */,
				B486B803245BA8270071C10C /* Assets.xcassets */,
				B4F56D03245BB8C000F8EB53 /* Controller */,
				B429901F245C7F9E008755F9 /* Extensions */,
				B4F56D04245BB8CA00F8EB53 /* Model */,
				B429901E245C79DD008755F9 /* Row */,
				B429901B245C7994008755F9 /* View */,
				B44BDF8F248F1D1E004A8C06 /* Color.xcassets */,
			);
			path = picpaymobile;
			sourceTree = "<group>";
		};
		B4F56D03245BB8C000F8EB53 /* Controller */ = {
			isa = PBXGroup;
			children = (
				B486B7FE245BA8210071C10C /* UserListViewController.swift */,
				B4299024245C8AC6008755F9 /* UserCell.swift */,
			);
			path = Controller;
			sourceTree = "<group>";
		};
		B4F56D04245BB8CA00F8EB53 /* Model */ = {
			isa = PBXGroup;
			children = (
				B4F56D05245BB8E100F8EB53 /* User.swift */,
			);
			path = Model;
			sourceTree = "<group>";
		};
/* End PBXGroup section */

/* Begin PBXNativeTarget section */
		B486B7F6245BA8210071C10C /* picpaymobile */ = {
			isa = PBXNativeTarget;
			buildConfigurationList = B486B80B245BA8270071C10C /* Build configuration list for PBXNativeTarget "picpaymobile" */;
			buildPhases = (
				B486B7F3245BA8210071C10C /* Sources */,
				B486B7F4245BA8210071C10C /* Frameworks */,
				B486B7F5245BA8210071C10C /* Resources */,
			);
			buildRules = (
			);
			dependencies = (
			);
			name = picpaymobile;
			productName = picpaymobile;
			productReference = B486B7F7245BA8210071C10C /* picpaymobile.app */;
			productType = "com.apple.product-type.application";
		};
/* End PBXNativeTarget section */

/* Begin PBXProject section */
		B486B7EF245BA8210071C10C /* Project object */ = {
			isa = PBXProject;
			attributes = {
				LastSwiftUpdateCheck = 1140;
				LastUpgradeCheck = 1140;
				ORGANIZATIONNAME = "Anderson Chagas";
				TargetAttributes = {
					B486B7F6245BA8210071C10C = {
						CreatedOnToolsVersion = 11.4.1;
					};
				};
			};
			buildConfigurationList = B486B7F2245BA8210071C10C /* Build configuration list for PBXProject "picpaymobile" */;
			compatibilityVersion = "Xcode 9.3";
			developmentRegion = en;
			hasScannedForEncodings = 0;
			knownRegions = (
				en,
				Base,
			);
			mainGroup = B486B7EE245BA8210071C10C;
			productRefGroup = B486B7F8245BA8210071C10C /* Products */;
			projectDirPath = "";
			projectRoot = "";
			targets = (
				B486B7F6245BA8210071C10C /* picpaymobile */,
			);
		};
/* End PBXProject section */

/* Begin PBXResourcesBuildPhase section */
		B486B7F5245BA8210071C10C /* Resources */ = {
			isa = PBXResourcesBuildPhase;
			buildActionMask = 2147483647;
			files = (
				B4299027245C8AC6008755F9 /* UserCell.xib in Resources */,
				B429901D245C79BE008755F9 /* users.json in Resources */,
				B486B807245BA8270071C10C /* LaunchScreen.storyboard in Resources */,
				B486B804245BA8270071C10C /* Assets.xcassets in Resources */,
				B486B802245BA8220071C10C /* Main.storyboard in Resources */,
				B44BDF90248F1D1E004A8C06 /* Color.xcassets in Resources */,
			);
			runOnlyForDeploymentPostprocessing = 0;
		};
/* End PBXResourcesBuildPhase section */

/* Begin PBXSourcesBuildPhase section */
		B486B7F3245BA8210071C10C /* Sources */ = {
			isa = PBXSourcesBuildPhase;
			buildActionMask = 2147483647;
			files = (
				B44BDF9324906411004A8C06 /* RoundButton.swift in Sources */,
				B43111F6245DDC6000270C5D /* UIImageView.swift in Sources */,
				B4F56D06245BB8E100F8EB53 /* User.swift in Sources */,
				B4299023245C85BA008755F9 /* AppConstants.swift in Sources */,
				B486B7FF245BA8210071C10C /* UserListViewController.swift in Sources */,
				B486B7FB245BA8210071C10C /* AppDelegate.swift in Sources */,
				B4299026245C8AC6008755F9 /* UserCell.swift in Sources */,
				B4299021245C7FC8008755F9 /* DecodeJson.swift in Sources */,
				B486B7FD245BA8210071C10C /* SceneDelegate.swift in Sources */,
			);
			runOnlyForDeploymentPostprocessing = 0;
		};
/* End PBXSourcesBuildPhase section */

/* Begin PBXVariantGroup section */
		B486B800245BA8220071C10C /* Main.storyboard */ = {
			isa = PBXVariantGroup;
			children = (
				B486B801245BA8220071C10C /* Base */,
			);
			name = Main.storyboard;
			sourceTree = "<group>";
		};
		B486B805245BA8270071C10C /* LaunchScreen.storyboard */ = {
			isa = PBXVariantGroup;
			children = (
				B486B806245BA8270071C10C /* Base */,
			);
			name = LaunchScreen.storyboard;
			sourceTree = "<group>";
		};
/* End PBXVariantGroup section */

/* Begin XCBuildConfiguration section */
		B486B809245BA8270071C10C /* Debug */ = {
			isa = XCBuildConfiguration;
			buildSettings = {
				ALWAYS_SEARCH_USER_PATHS = NO;
				CLANG_ANALYZER_NONNULL = YES;
				CLANG_ANALYZER_NUMBER_OBJECT_CONVERSION = YES_AGGRESSIVE;
				CLANG_CXX_LANGUAGE_STANDARD = "gnu++14";
				CLANG_CXX_LIBRARY = "libc++";
				CLANG_ENABLE_MODULES = YES;
				CLANG_ENABLE_OBJC_ARC = YES;
				CLANG_ENABLE_OBJC_WEAK = YES;
				CLANG_WARN_BLOCK_CAPTURE_AUTORELEASING = YES;
				CLANG_WARN_BOOL_CONVERSION = YES;
				CLANG_WARN_COMMA = YES;
				CLANG_WARN_CONSTANT_CONVERSION = YES;
				CLANG_WARN_DEPRECATED_OBJC_IMPLEMENTATIONS = YES;
				CLANG_WARN_DIRECT_OBJC_ISA_USAGE = YES_ERROR;
				CLANG_WARN_DOCUMENTATION_COMMENTS = YES;
				CLANG_WARN_EMPTY_BODY = YES;
				CLANG_WARN_ENUM_CONVERSION = YES;
				CLANG_WARN_INFINITE_RECURSION = YES;
				CLANG_WARN_INT_CONVERSION = YES;
				CLANG_WARN_NON_LITERAL_NULL_CONVERSION = YES;
				CLANG_WARN_OBJC_IMPLICIT_RETAIN_SELF = YES;
				CLANG_WARN_OBJC_LITERAL_CONVERSION = YES;
				CLANG_WARN_OBJC_ROOT_CLASS = YES_ERROR;
				CLANG_WARN_RANGE_LOOP_ANALYSIS = YES;
				CLANG_WARN_STRICT_PROTOTYPES = YES;
				CLANG_WARN_SUSPICIOUS_MOVE = YES;
				CLANG_WARN_UNGUARDED_AVAILABILITY = YES_AGGRESSIVE;
				CLANG_WARN_UNREACHABLE_CODE = YES;
				CLANG_WARN__DUPLICATE_METHOD_MATCH = YES;
				COPY_PHASE_STRIP = NO;
				DEBUG_INFORMATION_FORMAT = dwarf;
				ENABLE_STRICT_OBJC_MSGSEND = YES;
				ENABLE_TESTABILITY = YES;
				GCC_C_LANGUAGE_STANDARD = gnu11;
				GCC_DYNAMIC_NO_PIC = NO;
				GCC_NO_COMMON_BLOCKS = YES;
				GCC_OPTIMIZATION_LEVEL = 0;
				GCC_PREPROCESSOR_DEFINITIONS = (
					"DEBUG=1",
					"$(inherited)",
				);
				GCC_WARN_64_TO_32_BIT_CONVERSION = YES;
				GCC_WARN_ABOUT_RETURN_TYPE = YES_ERROR;
				GCC_WARN_UNDECLARED_SELECTOR = YES;
				GCC_WARN_UNINITIALIZED_AUTOS = YES_AGGRESSIVE;
				GCC_WARN_UNUSED_FUNCTION = YES;
				GCC_WARN_UNUSED_VARIABLE = YES;
				IPHONEOS_DEPLOYMENT_TARGET = 13.4;
				MTL_ENABLE_DEBUG_INFO = INCLUDE_SOURCE;
				MTL_FAST_MATH = YES;
				ONLY_ACTIVE_ARCH = YES;
				SDKROOT = iphoneos;
				SWIFT_ACTIVE_COMPILATION_CONDITIONS = DEBUG;
				SWIFT_OPTIMIZATION_LEVEL = "-Onone";
			};
			name = Debug;
		};
		B486B80A245BA8270071C10C /* Release */ = {
			isa = XCBuildConfiguration;
			buildSettings = {
				ALWAYS_SEARCH_USER_PATHS = NO;
				CLANG_ANALYZER_NONNULL = YES;
				CLANG_ANALYZER_NUMBER_OBJECT_CONVERSION = YES_AGGRESSIVE;
				CLANG_CXX_LANGUAGE_STANDARD = "gnu++14";
				CLANG_CXX_LIBRARY = "libc++";
				CLANG_ENABLE_MODULES = YES;
				CLANG_ENABLE_OBJC_ARC = YES;
				CLANG_ENABLE_OBJC_WEAK = YES;
				CLANG_WARN_BLOCK_CAPTURE_AUTORELEASING = YES;
				CLANG_WARN_BOOL_CONVERSION = YES;
				CLANG_WARN_COMMA = YES;
				CLANG_WARN_CONSTANT_CONVERSION = YES;
				CLANG_WARN_DEPRECATED_OBJC_IMPLEMENTATIONS = YES;
				CLANG_WARN_DIRECT_OBJC_ISA_USAGE = YES_ERROR;
				CLANG_WARN_DOCUMENTATION_COMMENTS = YES;
				CLANG_WARN_EMPTY_BODY = YES;
				CLANG_WARN_ENUM_CONVERSION = YES;
				CLANG_WARN_INFINITE_RECURSION = YES;
				CLANG_WARN_INT_CONVERSION = YES;
				CLANG_WARN_NON_LITERAL_NULL_CONVERSION = YES;
				CLANG_WARN_OBJC_IMPLICIT_RETAIN_SELF = YES;
				CLANG_WARN_OBJC_LITERAL_CONVERSION = YES;
				CLANG_WARN_OBJC_ROOT_CLASS = YES_ERROR;
				CLANG_WARN_RANGE_LOOP_ANALYSIS = YES;
				CLANG_WARN_STRICT_PROTOTYPES = YES;
				CLANG_WARN_SUSPICIOUS_MOVE = YES;
				CLANG_WARN_UNGUARDED_AVAILABILITY = YES_AGGRESSIVE;
				CLANG_WARN_UNREACHABLE_CODE = YES;
				CLANG_WARN__DUPLICATE_METHOD_MATCH = YES;
				COPY_PHASE_STRIP = NO;
				DEBUG_INFORMATION_FORMAT = "dwarf-with-dsym";
				ENABLE_NS_ASSERTIONS = NO;
				ENABLE_STRICT_OBJC_MSGSEND = YES;
				GCC_C_LANGUAGE_STANDARD = gnu11;
				GCC_NO_COMMON_BLOCKS = YES;
				GCC_WARN_64_TO_32_BIT_CONVERSION = YES;
				GCC_WARN_ABOUT_RETURN_TYPE = YES_ERROR;
				GCC_WARN_UNDECLARED_SELECTOR = YES;
				GCC_WARN_UNINITIALIZED_AUTOS = YES_AGGRESSIVE;
				GCC_WARN_UNUSED_FUNCTION = YES;
				GCC_WARN_UNUSED_VARIABLE = YES;
				IPHONEOS_DEPLOYMENT_TARGET = 13.4;
				MTL_ENABLE_DEBUG_INFO = NO;
				MTL_FAST_MATH = YES;
				SDKROOT = iphoneos;
				SWIFT_COMPILATION_MODE = wholemodule;
				SWIFT_OPTIMIZATION_LEVEL = "-O";
				VALIDATE_PRODUCT = YES;
			};
			name = Release;
		};
		B486B80C245BA8270071C10C /* Debug */ = {
			isa = XCBuildConfiguration;
			buildSettings = {
				ASSETCATALOG_COMPILER_APPICON_NAME = AppIcon;
				CODE_SIGN_STYLE = Automatic;
				DEVELOPMENT_TEAM = TA48V9TKT7;
				INFOPLIST_FILE = picpaymobile/Info.plist;
				LD_RUNPATH_SEARCH_PATHS = (
					"$(inherited)",
					"@executable_path/Frameworks",
				);
				PRODUCT_BUNDLE_IDENTIFIER = br.com.andersonchagas.picpaymobile;
				PRODUCT_NAME = "$(TARGET_NAME)";
				SWIFT_VERSION = 5.0;
				TARGETED_DEVICE_FAMILY = "1,2";
			};
			name = Debug;
		};
		B486B80D245BA8270071C10C /* Release */ = {
			isa = XCBuildConfiguration;
			buildSettings = {
				ASSETCATALOG_COMPILER_APPICON_NAME = AppIcon;
				CODE_SIGN_STYLE = Automatic;
				DEVELOPMENT_TEAM = TA48V9TKT7;
				INFOPLIST_FILE = picpaymobile/Info.plist;
				LD_RUNPATH_SEARCH_PATHS = (
					"$(inherited)",
					"@executable_path/Frameworks",
				);
				PRODUCT_BUNDLE_IDENTIFIER = br.com.andersonchagas.picpaymobile;
				PRODUCT_NAME = "$(TARGET_NAME)";
				SWIFT_VERSION = 5.0;
				TARGETED_DEVICE_FAMILY = "1,2";
			};
			name = Release;
		};
/* End XCBuildConfiguration section */

/* Begin XCConfigurationList section */
		B486B7F2245BA8210071C10C /* Build configuration list for PBXProject "picpaymobile" */ = {
			isa = XCConfigurationList;
			buildConfigurations = (
				B486B809245BA8270071C10C /* Debug */,
				B486B80A245BA8270071C10C /* Release */,
			);
			defaultConfigurationIsVisible = 0;
			defaultConfigurationName = Release;
		};
		B486B80B245BA8270071C10C /* Build configuration list for PBXNativeTarget "picpaymobile" */ = {
			isa = XCConfigurationList;
			buildConfigurations = (
				B486B80C245BA8270071C10C /* Debug */,
				B486B80D245BA8270071C10C /* Release */,
			);
			defaultConfigurationIsVisible = 0;
			defaultConfigurationName = Release;
		};
/* End XCConfigurationList section */
	};
	rootObject = B486B7EF245BA8210071C10C /* Project object */;
}
